// !$*UTF8*$!
{
	archiveVersion = 1;
	classes = {
	};
	objectVersion = 55;
	objects = {

/* Begin PBXBuildFile section */
		FF16C3E4282D65B600D56856 /* MyCard.swift in Sources */ = {isa = PBXBuildFile; fileRef = FF16C3E3282D65B600D56856 /* MyCard.swift */; };
		FF282346282BFD8E000631EF /* SwiftUI_self_1App.swift in Sources */ = {isa = PBXBuildFile; fileRef = FF282345282BFD8E000631EF /* SwiftUI_self_1App.swift */; };
		FF282348282BFD8E000631EF /* ContentView.swift in Sources */ = {isa = PBXBuildFile; fileRef = FF282347282BFD8E000631EF /* ContentView.swift */; };
		FF28234A282BFD8F000631EF /* Assets.xcassets in Resources */ = {isa = PBXBuildFile; fileRef = FF282349282BFD8F000631EF /* Assets.xcassets */; };
		FF28234D282BFD8F000631EF /* Preview Assets.xcassets in Resources */ = {isa = PBXBuildFile; fileRef = FF28234C282BFD8F000631EF /* Preview Assets.xcassets */; };
		FF282354282BFDB4000631EF /* CategoryView.swift in Sources */ = {isa = PBXBuildFile; fileRef = FF282353282BFDB4000631EF /* CategoryView.swift */; };
		FF282356282C0427000631EF /* Smallcard.swift in Sources */ = {isa = PBXBuildFile; fileRef = FF282355282C0427000631EF /* Smallcard.swift */; };
		FFB37EEF282EB02B00CE6210 /* myList.swift in Sources */ = {isa = PBXBuildFile; fileRef = FFB37EEE282EB02B00CE6210 /* myList.swift */; };
/* End PBXBuildFile section */

/* Begin PBXFileReference section */
		FF16C3E3282D65B600D56856 /* MyCard.swift */ = {isa = PBXFileReference; lastKnownFileType = sourcecode.swift; path = MyCard.swift; sourceTree = "<group>"; };
		FF282342282BFD8E000631EF /* SwiftUI_self#1.app */ = {isa = PBXFileReference; explicitFileType = wrapper.application; includeInIndex = 0; path = "SwiftUI_self#1.app"; sourceTree = BUILT_PRODUCTS_DIR; };
		FF282345282BFD8E000631EF /* SwiftUI_self_1App.swift */ = {isa = PBXFileReference; lastKnownFileType = sourcecode.swift; path = SwiftUI_self_1App.swift; sourceTree = "<group>"; };
		FF282347282BFD8E000631EF /* ContentView.swift */ = {isa = PBXFileReference; lastKnownFileType = sourcecode.swift; path = ContentView.swift; sourceTree = "<group>"; };
		FF282349282BFD8F000631EF /* Assets.xcassets */ = {isa = PBXFileReference; lastKnownFileType = folder.assetcatalog; path = Assets.xcassets; sourceTree = "<group>"; };
		FF28234C282BFD8F000631EF /* Preview Assets.xcassets */ = {isa = PBXFileReference; lastKnownFileType = folder.assetcatalog; path = "Preview Assets.xcassets"; sourceTree = "<group>"; };
		FF282353282BFDB4000631EF /* CategoryView.swift */ = {isa = PBXFileReference; lastKnownFileType = sourcecode.swift; path = CategoryView.swift; sourceTree = "<group>"; };
		FF282355282C0427000631EF /* Smallcard.swift */ = {isa = PBXFileReference; lastKnownFileType = sourcecode.swift; path = Smallcard.swift; sourceTree = "<group>"; };
		FFB37EEE282EB02B00CE6210 /* myList.swift */ = {isa = PBXFileReference; lastKnownFileType = sourcecode.swift; path = myList.swift; sourceTree = "<group>"; };
/* End PBXFileReference section */

/* Begin PBXFrameworksBuildPhase section */
		FF28233F282BFD8E000631EF /* Frameworks */ = {
			isa = PBXFrameworksBuildPhase;
			buildActionMask = 2147483647;
			files = (
			);
			runOnlyForDeploymentPostprocessing = 0;
		};
/* End PBXFrameworksBuildPhase section */

/* Begin PBXGroup section */
		FF282339282BFD8E000631EF = {
			isa = PBXGroup;
			children = (
				FF282344282BFD8E000631EF /* SwiftUI_self#1 */,
				FF282343282BFD8E000631EF /* Products */,
			);
			sourceTree = "<group>";
		};
		FF282343282BFD8E000631EF /* Products */ = {
			isa = PBXGroup;
			children = (
				FF282342282BFD8E000631EF /* SwiftUI_self#1.app */,
			);
			name = Products;
			sourceTree = "<group>";
		};
		FF282344282BFD8E000631EF /* SwiftUI_self#1 */ = {
			isa = PBXGroup;
			children = (
				FFB37EEE282EB02B00CE6210 /* myList.swift */,
				FF282345282BFD8E000631EF /* SwiftUI_self_1App.swift */,
				FF282347282BFD8E000631EF /* ContentView.swift */,
				FF282349282BFD8F000631EF /* Assets.xcassets */,
				FF28234B282BFD8F000631EF /* Preview Content */,
				FF282353282BFDB4000631EF /* CategoryView.swift */,
				FF282355282C0427000631EF /* Smallcard.swift */,
				FF16C3E3282D65B600D56856 /* MyCard.swift */,
			);
			path = "SwiftUI_self#1";
			sourceTree = "<group>";
		};
		FF28234B282BFD8F000631EF /* Preview Content */ = {
			isa = PBXGroup;
			children = (
				FF28234C282BFD8F000631EF /* Preview Assets.xcassets */,
			);
			path = "Preview Content";
			sourceTree = "<group>";
		};
/* End PBXGroup section */

/* Begin PBXNativeTarget section */
		FF282341282BFD8E000631EF /* SwiftUI_self#1 */ = {
			isa = PBXNativeTarget;
			buildConfigurationList = FF282350282BFD8F000631EF /* Build configuration list for PBXNativeTarget "SwiftUI_self#1" */;
			buildPhases = (
				FF28233E282BFD8E000631EF /* Sources */,
				FF28233F282BFD8E000631EF /* Frameworks */,
				FF282340282BFD8E000631EF /* Resources */,
			);
			buildRules = (
			);
			dependencies = (
			);
			name = "SwiftUI_self#1";
			productName = "SwiftUI_self#1";
			productReference = FF282342282BFD8E000631EF /* SwiftUI_self#1.app */;
			productType = "com.apple.product-type.application";
		};
/* End PBXNativeTarget section */

/* Begin PBXProject section */
		FF28233A282BFD8E000631EF /* Project object */ = {
			isa = PBXProject;
			attributes = {
				BuildIndependentTargetsInParallel = 1;
				LastSwiftUpdateCheck = 1330;
				LastUpgradeCheck = 1330;
				TargetAttributes = {
					FF282341282BFD8E000631EF = {
						CreatedOnToolsVersion = 13.3.1;
					};
				};
			};
			buildConfigurationList = FF28233D282BFD8E000631EF /* Build configuration list for PBXProject "SwiftUI_self#1" */;
			compatibilityVersion = "Xcode 13.0";
			developmentRegion = en;
			hasScannedForEncodings = 0;
			knownRegions = (
				en,
				Base,
			);
			mainGroup = FF282339282BFD8E000631EF;
			productRefGroup = FF282343282BFD8E000631EF /* Products */;
			projectDirPath = "";
			projectRoot = "";
			targets = (
				FF282341282BFD8E000631EF /* SwiftUI_self#1 */,
			);
		};
/* End PBXProject section */

/* Begin PBXResourcesBuildPhase section */
		FF282340282BFD8E000631EF /* Resources */ = {
			isa = PBXResourcesBuildPhase;
			buildActionMask = 2147483647;
			files = (
				FF28234D282BFD8F000631EF /* Preview Assets.xcassets in Resources */,
				FF28234A282BFD8F000631EF /* Assets.xcassets in Resources */,
			);
			runOnlyForDeploymentPostprocessing = 0;
		};
/* End PBXResourcesBuildPhase section */

/* Begin PBXSourcesBuildPhase section */
		FF28233E282BFD8E000631EF /* Sources */ = {
			isa = PBXSourcesBuildPhase;
			buildActionMask = 2147483647;
			files = (
				FF282348282BFD8E000631EF /* ContentView.swift in Sources */,
				FF282356282C0427000631EF /* Smallcard.swift in Sources */,
				FF282346282BFD8E000631EF /* SwiftUI_self_1App.swift in Sources */,
				FFB37EEF282EB02B00CE6210 /* myList.swift in Sources */,
				FF16C3E4282D65B600D56856 /* MyCard.swift in Sources */,
				FF282354282BFDB4000631EF /* CategoryView.swift in Sources */,
			);
			runOnlyForDeploymentPostprocessing = 0;
		};
/* End PBXSourcesBuildPhase section */

/* Begin XCBuildConfiguration section */
		FF28234E282BFD8F000631EF /* Debug */ = {
			isa = XCBuildConfiguration;
			buildSettings = {
				ALWAYS_SEARCH_USER_PATHS = NO;
				CLANG_ANALYZER_NONNULL = YES;
				CLANG_ANALYZER_NUMBER_OBJECT_CONVERSION = YES_AGGRESSIVE;
				CLANG_CXX_LANGUAGE_STANDARD = "gnu++17";
				CLANG_ENABLE_MODULES = YES;
				CLANG_ENABLE_OBJC_ARC = YES;
				CLANG_ENABLE_OBJC_WEAK = YES;
				CLANG_WARN_BLOCK_CAPTURE_AUTORELEASING = YES;
				CLANG_WARN_BOOL_CONVERSION = YES;
				CLANG_WARN_COMMA = YES;
				CLANG_WARN_CONSTANT_CONVERSION = YES;
				CLANG_WARN_DEPRECATED_OBJC_IMPLEMENTATIONS = YES;
				CLANG_WARN_DIRECT_OBJC_ISA_USAGE = YES_ERROR;
				CLANG_WARN_DOCUMENTATION_COMMENTS = YES;
				CLANG_WARN_EMPTY_BODY = YES;
				CLANG_WARN_ENUM_CONVERSION = YES;
				CLANG_WARN_INFINITE_RECURSION = YES;
				CLANG_WARN_INT_CONVERSION = YES;
				CLANG_WARN_NON_LITERAL_NULL_CONVERSION = YES;
				CLANG_WARN_OBJC_IMPLICIT_RETAIN_SELF = YES;
				CLANG_WARN_OBJC_LITERAL_CONVERSION = YES;
				CLANG_WARN_OBJC_ROOT_CLASS = YES_ERROR;
				CLANG_WARN_QUOTED_INCLUDE_IN_FRAMEWORK_HEADER = YES;
				CLANG_WARN_RANGE_LOOP_ANALYSIS = YES;
				CLANG_WARN_STRICT_PROTOTYPES = YES;
				CLANG_WARN_SUSPICIOUS_MOVE = YES;
				CLANG_WARN_UNGUARDED_AVAILABILITY = YES_AGGRESSIVE;
				CLANG_WARN_UNREACHABLE_CODE = YES;
				CLANG_WARN__DUPLICATE_METHOD_MATCH = YES;
				COPY_PHASE_STRIP = NO;
				DEBUG_INFORMATION_FORMAT = dwarf;
				ENABLE_STRICT_OBJC_MSGSEND = YES;
				ENABLE_TESTABILITY = YES;
				GCC_C_LANGUAGE_STANDARD = gnu11;
				GCC_DYNAMIC_NO_PIC = NO;
				GCC_NO_COMMON_BLOCKS = YES;
				GCC_OPTIMIZATION_LEVEL = 0;
				GCC_PREPROCESSOR_DEFINITIONS = (
					"DEBUG=1",
					"$(inherited)",
				);
				GCC_WARN_64_TO_32_BIT_CONVERSION = YES;
				GCC_WARN_ABOUT_RETURN_TYPE = YES_ERROR;
				GCC_WARN_UNDECLARED_SELECTOR = YES;
				GCC_WARN_UNINITIALIZED_AUTOS = YES_AGGRESSIVE;
				GCC_WARN_UNUSED_FUNCTION = YES;
				GCC_WARN_UNUSED_VARIABLE = YES;
				IPHONEOS_DEPLOYMENT_TARGET = 15.4;
				MTL_ENABLE_DEBUG_INFO = INCLUDE_SOURCE;
				MTL_FAST_MATH = YES;
				ONLY_ACTIVE_ARCH = YES;
				SDKROOT = iphoneos;
				SWIFT_ACTIVE_COMPILATION_CONDITIONS = DEBUG;
				SWIFT_OPTIMIZATION_LEVEL = "-Onone";
			};
			name = Debug;
		};
		FF28234F282BFD8F000631EF /* Release */ = {
			isa = XCBuildConfiguration;
			buildSettings = {
				ALWAYS_SEARCH_USER_PATHS = NO;
				CLANG_ANALYZER_NONNULL = YES;
				CLANG_ANALYZER_NUMBER_OBJECT_CONVERSION = YES_AGGRESSIVE;
				CLANG_CXX_LANGUAGE_STANDARD = "gnu++17";
				CLANG_ENABLE_MODULES = YES;
				CLANG_ENABLE_OBJC_ARC = YES;
				CLANG_ENABLE_OBJC_WEAK = YES;
				CLANG_WARN_BLOCK_CAPTURE_AUTORELEASING = YES;
				CLANG_WARN_BOOL_CONVERSION = YES;
				CLANG_WARN_COMMA = YES;
				CLANG_WARN_CONSTANT_CONVERSION = YES;
				CLANG_WARN_DEPRECATED_OBJC_IMPLEMENTATIONS = YES;
				CLANG_WARN_DIRECT_OBJC_ISA_USAGE = YES_ERROR;
				CLANG_WARN_DOCUMENTATION_COMMENTS = YES;
				CLANG_WARN_EMPTY_BODY = YES;
				CLANG_WARN_ENUM_CONVERSION = YES;
				CLANG_WARN_INFINITE_RECURSION = YES;
				CLANG_WARN_INT_CONVERSION = YES;
				CLANG_WARN_NON_LITERAL_NULL_CONVERSION = YES;
				CLANG_WARN_OBJC_IMPLICIT_RETAIN_SELF = YES;
				CLANG_WARN_OBJC_LITERAL_CONVERSION = YES;
				CLANG_WARN_OBJC_ROOT_CLASS = YES_ERROR;
				CLANG_WARN_QUOTED_INCLUDE_IN_FRAMEWORK_HEADER = YES;
				CLANG_WARN_RANGE_LOOP_ANALYSIS = YES;
				CLANG_WARN_STRICT_PROTOTYPES = YES;
				CLANG_WARN_SUSPICIOUS_MOVE = YES;
				CLANG_WARN_UNGUARDED_AVAILABILITY = YES_AGGRESSIVE;
				CLANG_WARN_UNREACHABLE_CODE = YES;
				CLANG_WARN__DUPLICATE_METHOD_MATCH = YES;
				COPY_PHASE_STRIP = NO;
				DEBUG_INFORMATION_FORMAT = "dwarf-with-dsym";
				ENABLE_NS_ASSERTIONS = NO;
				ENABLE_STRICT_OBJC_MSGSEND = YES;
				GCC_C_LANGUAGE_STANDARD = gnu11;
				GCC_NO_COMMON_BLOCKS = YES;
				GCC_WARN_64_TO_32_BIT_CONVERSION = YES;
				GCC_WARN_ABOUT_RETURN_TYPE = YES_ERROR;
				GCC_WARN_UNDECLARED_SELECTOR = YES;
				GCC_WARN_UNINITIALIZED_AUTOS = YES_AGGRESSIVE;
				GCC_WARN_UNUSED_FUNCTION = YES;
				GCC_WARN_UNUSED_VARIABLE = YES;
				IPHONEOS_DEPLOYMENT_TARGET = 15.4;
				MTL_ENABLE_DEBUG_INFO = NO;
				MTL_FAST_MATH = YES;
				SDKROOT = iphoneos;
				SWIFT_COMPILATION_MODE = wholemodule;
				SWIFT_OPTIMIZATION_LEVEL = "-O";
				VALIDATE_PRODUCT = YES;
			};
			name = Release;
		};
		FF282351282BFD8F000631EF /* Debug */ = {
			isa = XCBuildConfiguration;
			buildSettings = {
				ASSETCATALOG_COMPILER_APPICON_NAME = AppIcon;
				ASSETCATALOG_COMPILER_GLOBAL_ACCENT_COLOR_NAME = AccentColor;
				CODE_SIGN_STYLE = Automatic;
				CURRENT_PROJECT_VERSION = 1;
				DEVELOPMENT_ASSET_PATHS = "\"SwiftUI_self#1/Preview Content\"";
				DEVELOPMENT_TEAM = 9A96KXU385;
				ENABLE_PREVIEWS = YES;
				GENERATE_INFOPLIST_FILE = YES;
				INFOPLIST_KEY_UIApplicationSceneManifest_Generation = YES;
				INFOPLIST_KEY_UIApplicationSupportsIndirectInputEvents = YES;
				INFOPLIST_KEY_UILaunchScreen_Generation = YES;
				INFOPLIST_KEY_UISupportedInterfaceOrientations_iPad = "UIInterfaceOrientationPortrait UIInterfaceOrientationPortraitUpsideDown UIInterfaceOrientationLandscapeLeft UIInterfaceOrientationLandscapeRight";
				INFOPLIST_KEY_UISupportedInterfaceOrientations_iPhone = "UIInterfaceOrientationPortrait UIInterfaceOrientationLandscapeLeft UIInterfaceOrientationLandscapeRight";
				LD_RUNPATH_SEARCH_PATHS = (
					"$(inherited)",
					"@executable_path/Frameworks",
				);
				MARKETING_VERSION = 1.0;
				PRODUCT_BUNDLE_IDENTIFIER = "Hanyang.SwiftUI-self-1";
				PRODUCT_NAME = "$(TARGET_NAME)";
				SWIFT_EMIT_LOC_STRINGS = YES;
				SWIFT_VERSION = 5.0;
				TARGETED_DEVICE_FAMILY = "1,2";
			};
			name = Debug;
		};
		FF282352282BFD8F000631EF /* Release */ = {
			isa = XCBuildConfiguration;
			buildSettings = {
				ASSETCATALOG_COMPILER_APPICON_NAME = AppIcon;
				ASSETCATALOG_COMPILER_GLOBAL_ACCENT_COLOR_NAME = AccentColor;
				CODE_SIGN_STYLE = Automatic;
				CURRENT_PROJECT_VERSION = 1;
				DEVELOPMENT_ASSET_PATHS = "\"SwiftUI_self#1/Preview Content\"";
				DEVELOPMENT_TEAM = 9A96KXU385;
				ENABLE_PREVIEWS = YES;
				GENERATE_INFOPLIST_FILE = YES;
				INFOPLIST_KEY_UIApplicationSceneManifest_Generation = YES;
				INFOPLIST_KEY_UIApplicationSupportsIndirectInputEvents = YES;
				INFOPLIST_KEY_UILaunchScreen_Generation = YES;
				INFOPLIST_KEY_UISupportedInterfaceOrientations_iPad = "UIInterfaceOrientationPortrait UIInterfaceOrientationPortraitUpsideDown UIInterfaceOrientationLandscapeLeft UIInterfaceOrientationLandscapeRight";
				INFOPLIST_KEY_UISupportedInterfaceOrientations_iPhone = "UIInterfaceOrientationPortrait UIInterfaceOrientationLandscapeLeft UIInterfaceOrientationLandscapeRight";
				LD_RUNPATH_SEARCH_PATHS = (
					"$(inherited)",
					"@executable_path/Frameworks",
				);
				MARKETING_VERSION = 1.0;
				PRODUCT_BUNDLE_IDENTIFIER = "Hanyang.SwiftUI-self-1";
				PRODUCT_NAME = "$(TARGET_NAME)";
				SWIFT_EMIT_LOC_STRINGS = YES;
				SWIFT_VERSION = 5.0;
				TARGETED_DEVICE_FAMILY = "1,2";
			};
			name = Release;
		};
/* End XCBuildConfiguration section */

/* Begin XCConfigurationList section */
		FF28233D282BFD8E000631EF /* Build configuration list for PBXProject "SwiftUI_self#1" */ = {
			isa = XCConfigurationList;
			buildConfigurations = (
				FF28234E282BFD8F000631EF /* Debug */,
				FF28234F282BFD8F000631EF /* Release */,
			);
			defaultConfigurationIsVisible = 0;
			defaultConfigurationName = Release;
		};
		FF282350282BFD8F000631EF /* Build configuration list for PBXNativeTarget "SwiftUI_self#1" */ = {
			isa = XCConfigurationList;
			buildConfigurations = (
				FF282351282BFD8F000631EF /* Debug */,
				FF282352282BFD8F000631EF /* Release */,
			);
			defaultConfigurationIsVisible = 0;
			defaultConfigurationName = Release;
		};
/* End XCConfigurationList section */
	};
	rootObject = FF28233A282BFD8E000631EF /* Project object */;
}
